
Microsoft Visual Studio Solution File, Format Version 12.00
# Visual Studio Version 17
VisualStudioVersion = 17.8.34525.116
MinimumVisualStudioVersion = 10.0.40219.1
Project("{9A19103F-16F7-4668-BE54-9A1E7A4F7556}") = "SIMPLE_TIMER", "WINFORM_TEST\SIMPLE_TIMER.csproj", "{1DB3DD62-B5A9-4695-A7CB-53E558FB25BD}"
EndProject
Global
	GlobalSection(SolutionConfigurationPlatforms) = preSolution
		Debug|Any CPU = Debug|Any CPU
		Release|Any CPU = Release|Any CPU
	EndGlobalSection
	GlobalSection(ProjectConfigurationPlatforms) = postSolution
		{1DB3DD62-B5A9-4695-A7CB-53E558FB25BD}.Debug|Any CPU.ActiveCfg = Debug|Any CPU
		{1DB3DD62-B5A9-4695-A7CB-53E558FB25BD}.Debug|Any CPU.Build.0 = Debug|Any CPU
		{1DB3DD62-B5A9-4695-A7CB-53E558FB25BD}.Release|Any CPU.ActiveCfg = Release|Any CPU
		{1DB3DD62-B5A9-4695-A7CB-53E558FB25BD}.Release|Any CPU.Build.0 = Release|Any CPU
	EndGlobalSection
	GlobalSection(SolutionProperties) = preSolution
		HideSolutionNode = FALSE
	EndGlobalSection
	GlobalSection(ExtensibilityGlobals) = postSolution
		SolutionGuid = {98AAA48D-D565-42CD-907E-08FB9347CFF1}
	EndGlobalSection
EndGlobal
